
Microsoft Visual Studio Solution File, Format Version 12.00
# Visual Studio 15
VisualStudioVersion = 15.0.26730.15
MinimumVisualStudioVersion = 10.0.40219.1
Project("{8BC9CEB8-8B4A-11D0-8D11-00A0C91BC942}") = "core", "core\core.vcxproj", "{5C1F1B26-CFCB-49F1-AA6E-B7F40441F656}"
EndProject
Project("{2150E333-8FDC-42A3-9474-1A3956D46DE8}") = "cef", "cef", "{ACE8339A-3D18-44F8-8DE9-B78FD903F325}"
EndProject
Project("{8BC9CEB8-8B4A-11D0-8D11-00A0C91BC942}") = "libcef_dll_wrapper", "libcef_dll_wrapper\libcef_dll_wrapper.vcxproj", "{D7B6215F-8531-3FE6-A9FF-1BF7A13B80FB}"
EndProject
Project("{8BC9CEB8-8B4A-11D0-8D11-00A0C91BC942}") = "webprocess", "webprocess\webprocess.vcxproj", "{A4A6C46D-3AD7-4C97-A8AD-E201B7ACD973}"
EndProject
Project("{8BC9CEB8-8B4A-11D0-8D11-00A0C91BC942}") = "main", "main\main.vcxproj", "{3338D3DB-6EF8-4C32-8BAE-EE9C0C751B5B}"
EndProject
Global
	GlobalSection(SolutionConfigurationPlatforms) = preSolution
		Debug|x86 = Debug|x86
		Release|x86 = Release|x86
	EndGlobalSection
	GlobalSection(ProjectConfigurationPlatforms) = postSolution
		{5C1F1B26-CFCB-49F1-AA6E-B7F40441F656}.Debug|x86.ActiveCfg = Debug|Win32
		{5C1F1B26-CFCB-49F1-AA6E-B7F40441F656}.Debug|x86.Build.0 = Debug|Win32
		{5C1F1B26-CFCB-49F1-AA6E-B7F40441F656}.Release|x86.ActiveCfg = Release|Win32
		{5C1F1B26-CFCB-49F1-AA6E-B7F40441F656}.Release|x86.Build.0 = Release|Win32
		{D7B6215F-8531-3FE6-A9FF-1BF7A13B80FB}.Debug|x86.ActiveCfg = Debug|Win32
		{D7B6215F-8531-3FE6-A9FF-1BF7A13B80FB}.Debug|x86.Build.0 = Debug|Win32
		{D7B6215F-8531-3FE6-A9FF-1BF7A13B80FB}.Release|x86.ActiveCfg = Release|Win32
		{D7B6215F-8531-3FE6-A9FF-1BF7A13B80FB}.Release|x86.Build.0 = Release|Win32
		{A4A6C46D-3AD7-4C97-A8AD-E201B7ACD973}.Debug|x86.ActiveCfg = Debug|Win32
		{A4A6C46D-3AD7-4C97-A8AD-E201B7ACD973}.Debug|x86.Build.0 = Debug|Win32
		{A4A6C46D-3AD7-4C97-A8AD-E201B7ACD973}.Release|x86.ActiveCfg = Release|Win32
		{A4A6C46D-3AD7-4C97-A8AD-E201B7ACD973}.Release|x86.Build.0 = Release|Win32
		{3338D3DB-6EF8-4C32-8BAE-EE9C0C751B5B}.Debug|x86.ActiveCfg = Debug|Win32
		{3338D3DB-6EF8-4C32-8BAE-EE9C0C751B5B}.Debug|x86.Build.0 = Debug|Win32
		{3338D3DB-6EF8-4C32-8BAE-EE9C0C751B5B}.Release|x86.ActiveCfg = Release|Win32
		{3338D3DB-6EF8-4C32-8BAE-EE9C0C751B5B}.Release|x86.Build.0 = Release|Win32
	EndGlobalSection
	GlobalSection(SolutionProperties) = preSolution
		HideSolutionNode = FALSE
	EndGlobalSection
	GlobalSection(NestedProjects) = preSolution
		{D7B6215F-8531-3FE6-A9FF-1BF7A13B80FB} = {ACE8339A-3D18-44F8-8DE9-B78FD903F325}
	EndGlobalSection
	GlobalSection(ExtensibilityGlobals) = postSolution
		SolutionGuid = {636AB457-FA5D-4B1C-9C72-C91BE75CCD67}
	EndGlobalSection
EndGlobal
