<?xml version="1.0" encoding="utf-8"?>
<Project ToolsVersion="4.0" xmlns="http://schemas.microsoft.com/developer/msbuild/2003">
  <ItemGroup>
    <Filter Include="Header Files">
      <UniqueIdentifier>{93995380-89BD-4b04-88EB-625FBE52EBFB}</UniqueIdentifier>
      <Extensions>h;hh;hpp;hxx;hm;inl;inc;xsd</Extensions>
    </Filter>
    <Filter Include="Source Files">
      <UniqueIdentifier>{4FC737F1-C7A5-4376-A066-2A32D752A2FF}</UniqueIdentifier>
      <Extensions>cpp;c;cc;cxx;def;odl;idl;hpj;bat;asm;asmx</Extensions>
    </Filter>
    <Filter Include="Resource Files">
      <UniqueIdentifier>{67DA6AB6-F800-4c08-8B7A-83BB121AAD01}</UniqueIdentifier>
      <Extensions>rc;ico;cur;bmp;dlg;rc2;rct;bin;rgs;gif;jpg;jpeg;jpe;resx;tiff;tif;png;wav;mfcribbon-ms</Extensions>
    </Filter>
    <Filter Include="Resource Files\res">
      <UniqueIdentifier>{85f571d8-ebb9-4ae6-80cc-977787608fa0}</UniqueIdentifier>
    </Filter>
    <Filter Include="Resource Files\uires">
      <UniqueIdentifier>{d141954c-4517-4d1f-872d-59db5e822e3e}</UniqueIdentifier>
    </Filter>
    <Filter Include="Resource Files\uires\image">
      <UniqueIdentifier>{39c82727-0bfd-4889-ab6f-94181b311b7d}</UniqueIdentifier>
    </Filter>
    <Filter Include="Resource Files\uires\uidef">
      <UniqueIdentifier>{f1205592-31f9-4a75-9a39-34e9362c3068}</UniqueIdentifier>
    </Filter>
    <Filter Include="Resource Files\uires\values">
      <UniqueIdentifier>{077f43a4-998b-4d09-9276-ea92be802541}</UniqueIdentifier>
    </Filter>
    <Filter Include="Resource Files\uires\xml">
      <UniqueIdentifier>{f37ffdfb-b8ee-4888-b949-c4f16c66c5a7}</UniqueIdentifier>
    </Filter>
    <Filter Include="webview">
      <UniqueIdentifier>{5a0c0e92-8c45-412e-befc-700f997c18f7}</UniqueIdentifier>
    </Filter>
    <Filter Include="webview\browser">
      <UniqueIdentifier>{5b08e670-e48b-4cd9-a8b9-76357999dc5f}</UniqueIdentifier>
    </Filter>
    <Filter Include="webview\utils">
      <UniqueIdentifier>{2896d6af-cb69-4e45-9a89-081cbb142b24}</UniqueIdentifier>
    </Filter>
    <Filter Include="webview\context">
      <UniqueIdentifier>{20669d3f-dfb0-49d3-9106-6577e7c24d78}</UniqueIdentifier>
    </Filter>
  </ItemGroup>
  <ItemGroup>
    <ClCompile Include="webview\customer_scheme.cc">
      <Filter>webview</Filter>
    </ClCompile>
    <ClCompile Include="webview\client_app.cc">
      <Filter>webview\browser</Filter>
    </ClCompile>
    <ClCompile Include="webview\client_app_browser.cc">
      <Filter>webview\browser</Filter>
    </ClCompile>
    <ClCompile Include="webview\geometry_util.cc">
      <Filter>webview\utils</Filter>
    </ClCompile>
    <ClCompile Include="webview\util_win.cc">
      <Filter>webview\utils</Filter>
    </ClCompile>
    <ClCompile Include="webview\main_context.cc">
      <Filter>webview\context</Filter>
    </ClCompile>
    <ClCompile Include="webview\main_context_impl.cc">
      <Filter>webview\context</Filter>
    </ClCompile>
    <ClCompile Include="webview\osr_ime_handler_win.cc">
      <Filter>webview\browser</Filter>
    </ClCompile>
    <ClCompile Include="core.cc">
      <Filter>Source Files</Filter>
    </ClCompile>
    <ClCompile Include="main_window.cc">
      <Filter>Source Files</Filter>
    </ClCompile>
    <ClCompile Include="stdafx.cc">
      <Filter>Source Files</Filter>
    </ClCompile>
    <ClCompile Include="webview\webview_handler.cc">
      <Filter>webview\browser</Filter>
    </ClCompile>
    <ClCompile Include="webview\webview.cc">
      <Filter>webview</Filter>
    </ClCompile>
    <ClCompile Include="webview\resource_util.cc">
      <Filter>webview\utils</Filter>
    </ClCompile>
  </ItemGroup>
  <ItemGroup>
    <ClInclude Include="stdafx.h">
      <Filter>Header Files</Filter>
    </ClInclude>
    <ClInclude Include="resource.h">
      <Filter>Resource Files</Filter>
    </ClInclude>
    <ClInclude Include="main_window.h">
      <Filter>Header Files</Filter>
    </ClInclude>
    <ClInclude Include="webview\customer_scheme.h">
      <Filter>webview</Filter>
    </ClInclude>
    <ClInclude Include="webview\client_app.h">
      <Filter>webview\browser</Filter>
    </ClInclude>
    <ClInclude Include="webview\client_app_browser.h">
      <Filter>webview\browser</Filter>
    </ClInclude>
    <ClInclude Include="webview\geometry_util.h">
      <Filter>webview\utils</Filter>
    </ClInclude>
    <ClInclude Include="webview\util_win.h">
      <Filter>webview\utils</Filter>
    </ClInclude>
    <ClInclude Include="webview\main_context.h">
      <Filter>webview\context</Filter>
    </ClInclude>
    <ClInclude Include="webview\main_context_impl.h">
      <Filter>webview\context</Filter>
    </ClInclude>
    <ClInclude Include="webview\osr_ime_handler_win.h">
      <Filter>webview\browser</Filter>
    </ClInclude>
    <ClInclude Include="extend_events.h">
      <Filter>Header Files</Filter>
    </ClInclude>
    <ClInclude Include="IRunEngine.h">
      <Filter>Header Files</Filter>
    </ClInclude>
    <ClInclude Include="webview\webview_handler.h">
      <Filter>webview\browser</Filter>
    </ClInclude>
    <ClInclude Include="webview\webview.h">
      <Filter>webview</Filter>
    </ClInclude>
    <ClInclude Include="webview\resource_util.h">
      <Filter>webview\utils</Filter>
    </ClInclude>
  </ItemGroup>
  <ItemGroup>
    <None Include="res\soui_res.rc2">
      <Filter>Resource Files\res</Filter>
    </None>
  </ItemGroup>
  <ItemGroup>
    <Image Include="uires\image\logo.ico">
      <Filter>Resource Files\uires\image</Filter>
    </Image>
    <Image Include="uires\image\main_background.png">
      <Filter>Resource Files\uires\image</Filter>
    </Image>
    <Image Include="uires\image\map.png">
      <Filter>Resource Files\uires\image</Filter>
    </Image>
  </ItemGroup>
  <ItemGroup>
    <Xml Include="uires\uidef\init.xml">
      <Filter>Resource Files\uires\uidef</Filter>
    </Xml>
    <Xml Include="uires\values\color.xml">
      <Filter>Resource Files\uires\values</Filter>
    </Xml>
    <Xml Include="uires\values\skin.xml">
      <Filter>Resource Files\uires\values</Filter>
    </Xml>
    <Xml Include="uires\values\string.xml">
      <Filter>Resource Files\uires\values</Filter>
    </Xml>
    <Xml Include="uires\xml\main_window.xml">
      <Filter>Resource Files\uires\xml</Filter>
    </Xml>
  </ItemGroup>
  <ItemGroup>
    <CustomBuild Include="uires\uires.idx">
      <Filter>Resource Files\uires</Filter>
    </CustomBuild>
  </ItemGroup>
  <ItemGroup>
    <ResourceCompile Include="core.rc">
      <Filter>Resource Files</Filter>
    </ResourceCompile>
  </ItemGroup>
</Project>